// !$*UTF8*$!
{
	archiveVersion = 1;
	classes = {
	};
	objectVersion = 56;
	objects = {

/* Begin PBXBuildFile section */
		C441FC5A2A8C86BB00A095B9 /* YoojinMemoRealTimeApp.swift in Sources */ = {isa = PBXBuildFile; fileRef = C441FC592A8C86BB00A095B9 /* YoojinMemoRealTimeApp.swift */; };
		C441FC5E2A8C86BC00A095B9 /* Assets.xcassets in Resources */ = {isa = PBXBuildFile; fileRef = C441FC5D2A8C86BC00A095B9 /* Assets.xcassets */; };
		C441FC612A8C86BC00A095B9 /* Preview Assets.xcassets in Resources */ = {isa = PBXBuildFile; fileRef = C441FC602A8C86BC00A095B9 /* Preview Assets.xcassets */; };
		C441FC682A8C871E00A095B9 /* GoogleService-Info.plist in Resources */ = {isa = PBXBuildFile; fileRef = C441FC672A8C871E00A095B9 /* GoogleService-Info.plist */; };
		C441FC6B2A8C878800A095B9 /* FirebaseDatabase in Frameworks */ = {isa = PBXBuildFile; productRef = C441FC6A2A8C878800A095B9 /* FirebaseDatabase */; };
		C441FC6D2A8C878800A095B9 /* FirebaseDatabaseSwift in Frameworks */ = {isa = PBXBuildFile; productRef = C441FC6C2A8C878800A095B9 /* FirebaseDatabaseSwift */; };
		C441FC6F2A8C878800A095B9 /* FirebaseStorage in Frameworks */ = {isa = PBXBuildFile; productRef = C441FC6E2A8C878800A095B9 /* FirebaseStorage */; };
		C441FC712A8C878800A095B9 /* FirebaseStorageCombine-Community in Frameworks */ = {isa = PBXBuildFile; productRef = C441FC702A8C878800A095B9 /* FirebaseStorageCombine-Community */; };
		C441FC752A8C8B1E00A095B9 /* Memo.swift in Sources */ = {isa = PBXBuildFile; fileRef = C441FC742A8C8B1E00A095B9 /* Memo.swift */; };
		C441FC772A8C8BA700A095B9 /* ContentView.swift in Sources */ = {isa = PBXBuildFile; fileRef = C441FC762A8C8BA700A095B9 /* ContentView.swift */; };
		C441FC792A8C8BBF00A095B9 /* TestView.swift in Sources */ = {isa = PBXBuildFile; fileRef = C441FC782A8C8BBF00A095B9 /* TestView.swift */; };
		C441FC7B2A8C8BF900A095B9 /* MemoStore.swift in Sources */ = {isa = PBXBuildFile; fileRef = C441FC7A2A8C8BF900A095B9 /* MemoStore.swift */; };
/* End PBXBuildFile section */

/* Begin PBXFileReference section */
		C441FC562A8C86BB00A095B9 /* YoojinMemoRealTime.app */ = {isa = PBXFileReference; explicitFileType = wrapper.application; includeInIndex = 0; path = YoojinMemoRealTime.app; sourceTree = BUILT_PRODUCTS_DIR; };
		C441FC592A8C86BB00A095B9 /* YoojinMemoRealTimeApp.swift */ = {isa = PBXFileReference; lastKnownFileType = sourcecode.swift; path = YoojinMemoRealTimeApp.swift; sourceTree = "<group>"; };
		C441FC5D2A8C86BC00A095B9 /* Assets.xcassets */ = {isa = PBXFileReference; lastKnownFileType = folder.assetcatalog; path = Assets.xcassets; sourceTree = "<group>"; };
		C441FC602A8C86BC00A095B9 /* Preview Assets.xcassets */ = {isa = PBXFileReference; lastKnownFileType = folder.assetcatalog; path = "Preview Assets.xcassets"; sourceTree = "<group>"; };
		C441FC672A8C871E00A095B9 /* GoogleService-Info.plist */ = {isa = PBXFileReference; fileEncoding = 4; lastKnownFileType = text.plist.xml; path = "GoogleService-Info.plist"; sourceTree = "<group>"; };
		C441FC742A8C8B1E00A095B9 /* Memo.swift */ = {isa = PBXFileReference; lastKnownFileType = sourcecode.swift; path = Memo.swift; sourceTree = "<group>"; };
		C441FC762A8C8BA700A095B9 /* ContentView.swift */ = {isa = PBXFileReference; fileEncoding = 4; lastKnownFileType = sourcecode.swift; path = ContentView.swift; sourceTree = "<group>"; };
		C441FC782A8C8BBF00A095B9 /* TestView.swift */ = {isa = PBXFileReference; lastKnownFileType = sourcecode.swift; path = TestView.swift; sourceTree = "<group>"; };
		C441FC7A2A8C8BF900A095B9 /* MemoStore.swift */ = {isa = PBXFileReference; lastKnownFileType = sourcecode.swift; path = MemoStore.swift; sourceTree = "<group>"; };
/* End PBXFileReference section */

/* Begin PBXFrameworksBuildPhase section */
		C441FC532A8C86BB00A095B9 /* Frameworks */ = {
			isa = PBXFrameworksBuildPhase;
			buildActionMask = 2147483647;
			files = (
				C441FC6D2A8C878800A095B9 /* FirebaseDatabaseSwift in Frameworks */,
				C441FC6B2A8C878800A095B9 /* FirebaseDatabase in Frameworks */,
				C441FC712A8C878800A095B9 /* FirebaseStorageCombine-Community in Frameworks */,
				C441FC6F2A8C878800A095B9 /* FirebaseStorage in Frameworks */,
			);
			runOnlyForDeploymentPostprocessing = 0;
		};
/* End PBXFrameworksBuildPhase section */

/* Begin PBXGroup section */
		C441FC4D2A8C86BB00A095B9 = {
			isa = PBXGroup;
			children = (
				C441FC582A8C86BB00A095B9 /* YoojinMemoRealTime */,
				C441FC572A8C86BB00A095B9 /* Products */,
			);
			sourceTree = "<group>";
		};
		C441FC572A8C86BB00A095B9 /* Products */ = {
			isa = PBXGroup;
			children = (
				C441FC562A8C86BB00A095B9 /* YoojinMemoRealTime.app */,
			);
			name = Products;
			sourceTree = "<group>";
		};
		C441FC582A8C86BB00A095B9 /* YoojinMemoRealTime */ = {
			isa = PBXGroup;
			children = (
				C441FC592A8C86BB00A095B9 /* YoojinMemoRealTimeApp.swift */,
				C441FC5D2A8C86BC00A095B9 /* Assets.xcassets */,
				C441FC672A8C871E00A095B9 /* GoogleService-Info.plist */,
				C441FC762A8C8BA700A095B9 /* ContentView.swift */,
				C441FC5F2A8C86BC00A095B9 /* Preview Content */,
				C441FC742A8C8B1E00A095B9 /* Memo.swift */,
				C441FC782A8C8BBF00A095B9 /* TestView.swift */,
				C441FC7A2A8C8BF900A095B9 /* MemoStore.swift */,
			);
			path = YoojinMemoRealTime;
			sourceTree = "<group>";
		};
		C441FC5F2A8C86BC00A095B9 /* Preview Content */ = {
			isa = PBXGroup;
			children = (
				C441FC602A8C86BC00A095B9 /* Preview Assets.xcassets */,
			);
			path = "Preview Content";
			sourceTree = "<group>";
		};
/* End PBXGroup section */

/* Begin PBXNativeTarget section */
		C441FC552A8C86BB00A095B9 /* YoojinMemoRealTime */ = {
			isa = PBXNativeTarget;
			buildConfigurationList = C441FC642A8C86BC00A095B9 /* Build configuration list for PBXNativeTarget "YoojinMemoRealTime" */;
			buildPhases = (
				C441FC522A8C86BB00A095B9 /* Sources */,
				C441FC532A8C86BB00A095B9 /* Frameworks */,
				C441FC542A8C86BB00A095B9 /* Resources */,
			);
			buildRules = (
			);
			dependencies = (
			);
			name = YoojinMemoRealTime;
			packageProductDependencies = (
				C441FC6A2A8C878800A095B9 /* FirebaseDatabase */,
				C441FC6C2A8C878800A095B9 /* FirebaseDatabaseSwift */,
				C441FC6E2A8C878800A095B9 /* FirebaseStorage */,
				C441FC702A8C878800A095B9 /* FirebaseStorageCombine-Community */,
			);
			productName = YoojinMemoRealTime;
			productReference = C441FC562A8C86BB00A095B9 /* YoojinMemoRealTime.app */;
			productType = "com.apple.product-type.application";
		};
/* End PBXNativeTarget section */

/* Begin PBXProject section */
		C441FC4E2A8C86BB00A095B9 /* Project object */ = {
			isa = PBXProject;
			attributes = {
				BuildIndependentTargetsInParallel = 1;
				LastSwiftUpdateCheck = 1430;
				LastUpgradeCheck = 1430;
				TargetAttributes = {
					C441FC552A8C86BB00A095B9 = {
						CreatedOnToolsVersion = 14.3.1;
					};
				};
			};
			buildConfigurationList = C441FC512A8C86BB00A095B9 /* Build configuration list for PBXProject "YoojinMemoRealTime" */;
			compatibilityVersion = "Xcode 14.0";
			developmentRegion = en;
			hasScannedForEncodings = 0;
			knownRegions = (
				en,
				Base,
			);
			mainGroup = C441FC4D2A8C86BB00A095B9;
			packageReferences = (
				C441FC692A8C878800A095B9 /* XCRemoteSwiftPackageReference "firebase-ios-sdk" */,
			);
			productRefGroup = C441FC572A8C86BB00A095B9 /* Products */;
			projectDirPath = "";
			projectRoot = "";
			targets = (
				C441FC552A8C86BB00A095B9 /* YoojinMemoRealTime */,
			);
		};
/* End PBXProject section */

/* Begin PBXResourcesBuildPhase section */
		C441FC542A8C86BB00A095B9 /* Resources */ = {
			isa = PBXResourcesBuildPhase;
			buildActionMask = 2147483647;
			files = (
				C441FC612A8C86BC00A095B9 /* Preview Assets.xcassets in Resources */,
				C441FC5E2A8C86BC00A095B9 /* Assets.xcassets in Resources */,
				C441FC682A8C871E00A095B9 /* GoogleService-Info.plist in Resources */,
			);
			runOnlyForDeploymentPostprocessing = 0;
		};
/* End PBXResourcesBuildPhase section */

/* Begin PBXSourcesBuildPhase section */
		C441FC522A8C86BB00A095B9 /* Sources */ = {
			isa = PBXSourcesBuildPhase;
			buildActionMask = 2147483647;
			files = (
				C441FC792A8C8BBF00A095B9 /* TestView.swift in Sources */,
				C441FC5A2A8C86BB00A095B9 /* YoojinMemoRealTimeApp.swift in Sources */,
				C441FC772A8C8BA700A095B9 /* ContentView.swift in Sources */,
				C441FC7B2A8C8BF900A095B9 /* MemoStore.swift in Sources */,
				C441FC752A8C8B1E00A095B9 /* Memo.swift in Sources */,
			);
			runOnlyForDeploymentPostprocessing = 0;
		};
/* End PBXSourcesBuildPhase section */

/* Begin XCBuildConfiguration section */
		C441FC622A8C86BC00A095B9 /* Debug */ = {
			isa = XCBuildConfiguration;
			buildSettings = {
				ALWAYS_SEARCH_USER_PATHS = NO;
				CLANG_ANALYZER_NONNULL = YES;
				CLANG_ANALYZER_NUMBER_OBJECT_CONVERSION = YES_AGGRESSIVE;
				CLANG_CXX_LANGUAGE_STANDARD = "gnu++20";
				CLANG_ENABLE_MODULES = YES;
				CLANG_ENABLE_OBJC_ARC = YES;
				CLANG_ENABLE_OBJC_WEAK = YES;
				CLANG_WARN_BLOCK_CAPTURE_AUTORELEASING = YES;
				CLANG_WARN_BOOL_CONVERSION = YES;
				CLANG_WARN_COMMA = YES;
				CLANG_WARN_CONSTANT_CONVERSION = YES;
				CLANG_WARN_DEPRECATED_OBJC_IMPLEMENTATIONS = YES;
				CLANG_WARN_DIRECT_OBJC_ISA_USAGE = YES_ERROR;
				CLANG_WARN_DOCUMENTATION_COMMENTS = YES;
				CLANG_WARN_EMPTY_BODY = YES;
				CLANG_WARN_ENUM_CONVERSION = YES;
				CLANG_WARN_INFINITE_RECURSION = YES;
				CLANG_WARN_INT_CONVERSION = YES;
				CLANG_WARN_NON_LITERAL_NULL_CONVERSION = YES;
				CLANG_WARN_OBJC_IMPLICIT_RETAIN_SELF = YES;
				CLANG_WARN_OBJC_LITERAL_CONVERSION = YES;
				CLANG_WARN_OBJC_ROOT_CLASS = YES_ERROR;
				CLANG_WARN_QUOTED_INCLUDE_IN_FRAMEWORK_HEADER = YES;
				CLANG_WARN_RANGE_LOOP_ANALYSIS = YES;
				CLANG_WARN_STRICT_PROTOTYPES = YES;
				CLANG_WARN_SUSPICIOUS_MOVE = YES;
				CLANG_WARN_UNGUARDED_AVAILABILITY = YES_AGGRESSIVE;
				CLANG_WARN_UNREACHABLE_CODE = YES;
				CLANG_WARN__DUPLICATE_METHOD_MATCH = YES;
				COPY_PHASE_STRIP = NO;
				DEBUG_INFORMATION_FORMAT = dwarf;
				ENABLE_STRICT_OBJC_MSGSEND = YES;
				ENABLE_TESTABILITY = YES;
				GCC_C_LANGUAGE_STANDARD = gnu11;
				GCC_DYNAMIC_NO_PIC = NO;
				GCC_NO_COMMON_BLOCKS = YES;
				GCC_OPTIMIZATION_LEVEL = 0;
				GCC_PREPROCESSOR_DEFINITIONS = (
					"DEBUG=1",
					"$(inherited)",
				);
				GCC_WARN_64_TO_32_BIT_CONVERSION = YES;
				GCC_WARN_ABOUT_RETURN_TYPE = YES_ERROR;
				GCC_WARN_UNDECLARED_SELECTOR = YES;
				GCC_WARN_UNINITIALIZED_AUTOS = YES_AGGRESSIVE;
				GCC_WARN_UNUSED_FUNCTION = YES;
				GCC_WARN_UNUSED_VARIABLE = YES;
				IPHONEOS_DEPLOYMENT_TARGET = 16.4;
				MTL_ENABLE_DEBUG_INFO = INCLUDE_SOURCE;
				MTL_FAST_MATH = YES;
				ONLY_ACTIVE_ARCH = YES;
				SDKROOT = iphoneos;
				SWIFT_ACTIVE_COMPILATION_CONDITIONS = DEBUG;
				SWIFT_OPTIMIZATION_LEVEL = "-Onone";
			};
			name = Debug;
		};
		C441FC632A8C86BC00A095B9 /* Release */ = {
			isa = XCBuildConfiguration;
			buildSettings = {
				ALWAYS_SEARCH_USER_PATHS = NO;
				CLANG_ANALYZER_NONNULL = YES;
				CLANG_ANALYZER_NUMBER_OBJECT_CONVERSION = YES_AGGRESSIVE;
				CLANG_CXX_LANGUAGE_STANDARD = "gnu++20";
				CLANG_ENABLE_MODULES = YES;
				CLANG_ENABLE_OBJC_ARC = YES;
				CLANG_ENABLE_OBJC_WEAK = YES;
				CLANG_WARN_BLOCK_CAPTURE_AUTORELEASING = YES;
				CLANG_WARN_BOOL_CONVERSION = YES;
				CLANG_WARN_COMMA = YES;
				CLANG_WARN_CONSTANT_CONVERSION = YES;
				CLANG_WARN_DEPRECATED_OBJC_IMPLEMENTATIONS = YES;
				CLANG_WARN_DIRECT_OBJC_ISA_USAGE = YES_ERROR;
				CLANG_WARN_DOCUMENTATION_COMMENTS = YES;
				CLANG_WARN_EMPTY_BODY = YES;
				CLANG_WARN_ENUM_CONVERSION = YES;
				CLANG_WARN_INFINITE_RECURSION = YES;
				CLANG_WARN_INT_CONVERSION = YES;
				CLANG_WARN_NON_LITERAL_NULL_CONVERSION = YES;
				CLANG_WARN_OBJC_IMPLICIT_RETAIN_SELF = YES;
				CLANG_WARN_OBJC_LITERAL_CONVERSION = YES;
				CLANG_WARN_OBJC_ROOT_CLASS = YES_ERROR;
				CLANG_WARN_QUOTED_INCLUDE_IN_FRAMEWORK_HEADER = YES;
				CLANG_WARN_RANGE_LOOP_ANALYSIS = YES;
				CLANG_WARN_STRICT_PROTOTYPES = YES;
				CLANG_WARN_SUSPICIOUS_MOVE = YES;
				CLANG_WARN_UNGUARDED_AVAILABILITY = YES_AGGRESSIVE;
				CLANG_WARN_UNREACHABLE_CODE = YES;
				CLANG_WARN__DUPLICATE_METHOD_MATCH = YES;
				COPY_PHASE_STRIP = NO;
				DEBUG_INFORMATION_FORMAT = "dwarf-with-dsym";
				ENABLE_NS_ASSERTIONS = NO;
				ENABLE_STRICT_OBJC_MSGSEND = YES;
				GCC_C_LANGUAGE_STANDARD = gnu11;
				GCC_NO_COMMON_BLOCKS = YES;
				GCC_WARN_64_TO_32_BIT_CONVERSION = YES;
				GCC_WARN_ABOUT_RETURN_TYPE = YES_ERROR;
				GCC_WARN_UNDECLARED_SELECTOR = YES;
				GCC_WARN_UNINITIALIZED_AUTOS = YES_AGGRESSIVE;
				GCC_WARN_UNUSED_FUNCTION = YES;
				GCC_WARN_UNUSED_VARIABLE = YES;
				IPHONEOS_DEPLOYMENT_TARGET = 16.4;
				MTL_ENABLE_DEBUG_INFO = NO;
				MTL_FAST_MATH = YES;
				SDKROOT = iphoneos;
				SWIFT_COMPILATION_MODE = wholemodule;
				SWIFT_OPTIMIZATION_LEVEL = "-O";
				VALIDATE_PRODUCT = YES;
			};
			name = Release;
		};
		C441FC652A8C86BC00A095B9 /* Debug */ = {
			isa = XCBuildConfiguration;
			buildSettings = {
				ASSETCATALOG_COMPILER_APPICON_NAME = AppIcon;
				ASSETCATALOG_COMPILER_GLOBAL_ACCENT_COLOR_NAME = AccentColor;
				CODE_SIGN_STYLE = Automatic;
				CURRENT_PROJECT_VERSION = 1;
				DEVELOPMENT_ASSET_PATHS = "\"YoojinMemoRealTime/Preview Content\"";
				DEVELOPMENT_TEAM = S5877PQ292;
				ENABLE_PREVIEWS = YES;
				GENERATE_INFOPLIST_FILE = YES;
				INFOPLIST_KEY_UIApplicationSceneManifest_Generation = YES;
				INFOPLIST_KEY_UIApplicationSupportsIndirectInputEvents = YES;
				INFOPLIST_KEY_UILaunchScreen_Generation = YES;
				INFOPLIST_KEY_UISupportedInterfaceOrientations_iPad = "UIInterfaceOrientationPortrait UIInterfaceOrientationPortraitUpsideDown UIInterfaceOrientationLandscapeLeft UIInterfaceOrientationLandscapeRight";
				INFOPLIST_KEY_UISupportedInterfaceOrientations_iPhone = "UIInterfaceOrientationPortrait UIInterfaceOrientationLandscapeLeft UIInterfaceOrientationLandscapeRight";
				LD_RUNPATH_SEARCH_PATHS = (
					"$(inherited)",
					"@executable_path/Frameworks",
				);
				MARKETING_VERSION = 1.0;
				PRODUCT_BUNDLE_IDENTIFIER = com.usingkkim.YoojinMemoRealTime;
				PRODUCT_NAME = "$(TARGET_NAME)";
				SWIFT_EMIT_LOC_STRINGS = YES;
				SWIFT_VERSION = 5.0;
				TARGETED_DEVICE_FAMILY = "1,2";
			};
			name = Debug;
		};
		C441FC662A8C86BC00A095B9 /* Release */ = {
			isa = XCBuildConfiguration;
			buildSettings = {
				ASSETCATALOG_COMPILER_APPICON_NAME = AppIcon;
				ASSETCATALOG_COMPILER_GLOBAL_ACCENT_COLOR_NAME = AccentColor;
				CODE_SIGN_STYLE = Automatic;
				CURRENT_PROJECT_VERSION = 1;
				DEVELOPMENT_ASSET_PATHS = "\"YoojinMemoRealTime/Preview Content\"";
				DEVELOPMENT_TEAM = S5877PQ292;
				ENABLE_PREVIEWS = YES;
				GENERATE_INFOPLIST_FILE = YES;
				INFOPLIST_KEY_UIApplicationSceneManifest_Generation = YES;
				INFOPLIST_KEY_UIApplicationSupportsIndirectInputEvents = YES;
				INFOPLIST_KEY_UILaunchScreen_Generation = YES;
				INFOPLIST_KEY_UISupportedInterfaceOrientations_iPad = "UIInterfaceOrientationPortrait UIInterfaceOrientationPortraitUpsideDown UIInterfaceOrientationLandscapeLeft UIInterfaceOrientationLandscapeRight";
				INFOPLIST_KEY_UISupportedInterfaceOrientations_iPhone = "UIInterfaceOrientationPortrait UIInterfaceOrientationLandscapeLeft UIInterfaceOrientationLandscapeRight";
				LD_RUNPATH_SEARCH_PATHS = (
					"$(inherited)",
					"@executable_path/Frameworks",
				);
				MARKETING_VERSION = 1.0;
				PRODUCT_BUNDLE_IDENTIFIER = com.usingkkim.YoojinMemoRealTime;
				PRODUCT_NAME = "$(TARGET_NAME)";
				SWIFT_EMIT_LOC_STRINGS = YES;
				SWIFT_VERSION = 5.0;
				TARGETED_DEVICE_FAMILY = "1,2";
			};
			name = Release;
		};
/* End XCBuildConfiguration section */

/* Begin XCConfigurationList section */
		C441FC512A8C86BB00A095B9 /* Build configuration list for PBXProject "YoojinMemoRealTime" */ = {
			isa = XCConfigurationList;
			buildConfigurations = (
				C441FC622A8C86BC00A095B9 /* Debug */,
				C441FC632A8C86BC00A095B9 /* Release */,
			);
			defaultConfigurationIsVisible = 0;
			defaultConfigurationName = Release;
		};
		C441FC642A8C86BC00A095B9 /* Build configuration list for PBXNativeTarget "YoojinMemoRealTime" */ = {
			isa = XCConfigurationList;
			buildConfigurations = (
				C441FC652A8C86BC00A095B9 /* Debug */,
				C441FC662A8C86BC00A095B9 /* Release */,
			);
			defaultConfigurationIsVisible = 0;
			defaultConfigurationName = Release;
		};
/* End XCConfigurationList section */

/* Begin XCRemoteSwiftPackageReference section */
		C441FC692A8C878800A095B9 /* XCRemoteSwiftPackageReference "firebase-ios-sdk" */ = {
			isa = XCRemoteSwiftPackageReference;
			repositoryURL = "https://github.com/firebase/firebase-ios-sdk";
			requirement = {
				kind = upToNextMajorVersion;
				minimumVersion = 10.0.0;
			};
		};
/* End XCRemoteSwiftPackageReference section */

/* Begin XCSwiftPackageProductDependency section */
		C441FC6A2A8C878800A095B9 /* FirebaseDatabase */ = {
			isa = XCSwiftPackageProductDependency;
			package = C441FC692A8C878800A095B9 /* XCRemoteSwiftPackageReference "firebase-ios-sdk" */;
			productName = FirebaseDatabase;
		};
		C441FC6C2A8C878800A095B9 /* FirebaseDatabaseSwift */ = {
			isa = XCSwiftPackageProductDependency;
			package = C441FC692A8C878800A095B9 /* XCRemoteSwiftPackageReference "firebase-ios-sdk" */;
			productName = FirebaseDatabaseSwift;
		};
		C441FC6E2A8C878800A095B9 /* FirebaseStorage */ = {
			isa = XCSwiftPackageProductDependency;
			package = C441FC692A8C878800A095B9 /* XCRemoteSwiftPackageReference "firebase-ios-sdk" */;
			productName = FirebaseStorage;
		};
		C441FC702A8C878800A095B9 /* FirebaseStorageCombine-Community */ = {
			isa = XCSwiftPackageProductDependency;
			package = C441FC692A8C878800A095B9 /* XCRemoteSwiftPackageReference "firebase-ios-sdk" */;
			productName = "FirebaseStorageCombine-Community";
		};
/* End XCSwiftPackageProductDependency section */
	};
	rootObject = C441FC4E2A8C86BB00A095B9 /* Project object */;
}
