// !$*UTF8*$!
{
	archiveVersion = 1;
	classes = {
	};
	objectVersion = 56;
	objects = {

/* Begin PBXBuildFile section */
		3EE789E72A96E2400010370D /* Reply.swift in Sources */ = {isa = PBXBuildFile; fileRef = 3EE789E62A96E2400010370D /* Reply.swift */; };
		3EE789E92A96E24B0010370D /* ReplyStore.swift in Sources */ = {isa = PBXBuildFile; fileRef = 3EE789E82A96E24B0010370D /* ReplyStore.swift */; };
		3EE789EB2A96E2C90010370D /* FeedReplyView.swift in Sources */ = {isa = PBXBuildFile; fileRef = 3EE789EA2A96E2C90010370D /* FeedReplyView.swift */; };
		3EE789ED2A96E5920010370D /* ReportView.swift in Sources */ = {isa = PBXBuildFile; fileRef = 3EE789EC2A96E5920010370D /* ReportView.swift */; };
		C4AF58A52A964FEB00D0E09A /* SubFeedApp.swift in Sources */ = {isa = PBXBuildFile; fileRef = C4AF58A42A964FEB00D0E09A /* SubFeedApp.swift */; };
		C4AF58A72A964FEB00D0E09A /* ContentView.swift in Sources */ = {isa = PBXBuildFile; fileRef = C4AF58A62A964FEB00D0E09A /* ContentView.swift */; };
		C4AF58A92A964FEC00D0E09A /* Assets.xcassets in Resources */ = {isa = PBXBuildFile; fileRef = C4AF58A82A964FEC00D0E09A /* Assets.xcassets */; };
		C4AF58AC2A964FEC00D0E09A /* Preview Assets.xcassets in Resources */ = {isa = PBXBuildFile; fileRef = C4AF58AB2A964FEC00D0E09A /* Preview Assets.xcassets */; };
		C4AF58C22A96501400D0E09A /* Post.swift in Sources */ = {isa = PBXBuildFile; fileRef = C4AF58B52A96501400D0E09A /* Post.swift */; };
		C4AF58C32A96501400D0E09A /* PostStore.swift in Sources */ = {isa = PBXBuildFile; fileRef = C4AF58B62A96501400D0E09A /* PostStore.swift */; };
		C4AF58C42A96501400D0E09A /* FeedCellView.swift in Sources */ = {isa = PBXBuildFile; fileRef = C4AF58B82A96501400D0E09A /* FeedCellView.swift */; };
		C4AF58C82A96501400D0E09A /* FeedAddView.swift in Sources */ = {isa = PBXBuildFile; fileRef = C4AF58BC2A96501400D0E09A /* FeedAddView.swift */; };
		C4AF58C92A96501400D0E09A /* FeedMainView.swift in Sources */ = {isa = PBXBuildFile; fileRef = C4AF58BD2A96501400D0E09A /* FeedMainView.swift */; };
		C4AF58CA2A96501400D0E09A /* FeedReviseView.swift in Sources */ = {isa = PBXBuildFile; fileRef = C4AF58BE2A96501400D0E09A /* FeedReviseView.swift */; };
		C4AF58CB2A96501400D0E09A /* ProfileImageView.swift in Sources */ = {isa = PBXBuildFile; fileRef = C4AF58C02A96501400D0E09A /* ProfileImageView.swift */; };
		C4AF58D12A9664EB00D0E09A /* FeedImageViewStructs.swift in Sources */ = {isa = PBXBuildFile; fileRef = C4AF58D02A9664EB00D0E09A /* FeedImageViewStructs.swift */; };
/* End PBXBuildFile section */

/* Begin PBXFileReference section */
		3EE789E62A96E2400010370D /* Reply.swift */ = {isa = PBXFileReference; lastKnownFileType = sourcecode.swift; path = Reply.swift; sourceTree = "<group>"; };
		3EE789E82A96E24B0010370D /* ReplyStore.swift */ = {isa = PBXFileReference; lastKnownFileType = sourcecode.swift; path = ReplyStore.swift; sourceTree = "<group>"; };
		3EE789EA2A96E2C90010370D /* FeedReplyView.swift */ = {isa = PBXFileReference; lastKnownFileType = sourcecode.swift; path = FeedReplyView.swift; sourceTree = "<group>"; };
		3EE789EC2A96E5920010370D /* ReportView.swift */ = {isa = PBXFileReference; lastKnownFileType = sourcecode.swift; path = ReportView.swift; sourceTree = "<group>"; };
		C4AF58A12A964FEB00D0E09A /* SubFeed.app */ = {isa = PBXFileReference; explicitFileType = wrapper.application; includeInIndex = 0; path = SubFeed.app; sourceTree = BUILT_PRODUCTS_DIR; };
		C4AF58A42A964FEB00D0E09A /* SubFeedApp.swift */ = {isa = PBXFileReference; lastKnownFileType = sourcecode.swift; path = SubFeedApp.swift; sourceTree = "<group>"; };
		C4AF58A62A964FEB00D0E09A /* ContentView.swift */ = {isa = PBXFileReference; lastKnownFileType = sourcecode.swift; path = ContentView.swift; sourceTree = "<group>"; };
		C4AF58A82A964FEC00D0E09A /* Assets.xcassets */ = {isa = PBXFileReference; lastKnownFileType = folder.assetcatalog; path = Assets.xcassets; sourceTree = "<group>"; };
		C4AF58AB2A964FEC00D0E09A /* Preview Assets.xcassets */ = {isa = PBXFileReference; lastKnownFileType = folder.assetcatalog; path = "Preview Assets.xcassets"; sourceTree = "<group>"; };
		C4AF58B52A96501400D0E09A /* Post.swift */ = {isa = PBXFileReference; fileEncoding = 4; lastKnownFileType = sourcecode.swift; path = Post.swift; sourceTree = "<group>"; };
		C4AF58B62A96501400D0E09A /* PostStore.swift */ = {isa = PBXFileReference; fileEncoding = 4; lastKnownFileType = sourcecode.swift; path = PostStore.swift; sourceTree = "<group>"; };
		C4AF58B82A96501400D0E09A /* FeedCellView.swift */ = {isa = PBXFileReference; fileEncoding = 4; lastKnownFileType = sourcecode.swift; path = FeedCellView.swift; sourceTree = "<group>"; };
		C4AF58BC2A96501400D0E09A /* FeedAddView.swift */ = {isa = PBXFileReference; fileEncoding = 4; lastKnownFileType = sourcecode.swift; path = FeedAddView.swift; sourceTree = "<group>"; };
		C4AF58BD2A96501400D0E09A /* FeedMainView.swift */ = {isa = PBXFileReference; fileEncoding = 4; lastKnownFileType = sourcecode.swift; path = FeedMainView.swift; sourceTree = "<group>"; };
		C4AF58BE2A96501400D0E09A /* FeedReviseView.swift */ = {isa = PBXFileReference; fileEncoding = 4; lastKnownFileType = sourcecode.swift; path = FeedReviseView.swift; sourceTree = "<group>"; };
		C4AF58C02A96501400D0E09A /* ProfileImageView.swift */ = {isa = PBXFileReference; fileEncoding = 4; lastKnownFileType = sourcecode.swift; path = ProfileImageView.swift; sourceTree = "<group>"; };
		C4AF58D02A9664EB00D0E09A /* FeedImageViewStructs.swift */ = {isa = PBXFileReference; lastKnownFileType = sourcecode.swift; path = FeedImageViewStructs.swift; sourceTree = "<group>"; };
/* End PBXFileReference section */

/* Begin PBXFrameworksBuildPhase section */
		C4AF589E2A964FEB00D0E09A /* Frameworks */ = {
			isa = PBXFrameworksBuildPhase;
			buildActionMask = 2147483647;
			files = (
			);
			runOnlyForDeploymentPostprocessing = 0;
		};
/* End PBXFrameworksBuildPhase section */

/* Begin PBXGroup section */
		C4AF58982A964FEB00D0E09A = {
			isa = PBXGroup;
			children = (
				C4AF58A32A964FEB00D0E09A /* SubFeed */,
				C4AF58A22A964FEB00D0E09A /* Products */,
			);
			sourceTree = "<group>";
		};
		C4AF58A22A964FEB00D0E09A /* Products */ = {
			isa = PBXGroup;
			children = (
				C4AF58A12A964FEB00D0E09A /* SubFeed.app */,
			);
			name = Products;
			sourceTree = "<group>";
		};
		C4AF58A32A964FEB00D0E09A /* SubFeed */ = {
			isa = PBXGroup;
			children = (
				C4AF58A42A964FEB00D0E09A /* SubFeedApp.swift */,
				C4AF58A62A964FEB00D0E09A /* ContentView.swift */,
				C4AF58B22A96501400D0E09A /* Feed */,
				C4AF58A82A964FEC00D0E09A /* Assets.xcassets */,
				C4AF58AA2A964FEC00D0E09A /* Preview Content */,
			);
			path = SubFeed;
			sourceTree = "<group>";
		};
		C4AF58AA2A964FEC00D0E09A /* Preview Content */ = {
			isa = PBXGroup;
			children = (
				C4AF58AB2A964FEC00D0E09A /* Preview Assets.xcassets */,
			);
			path = "Preview Content";
			sourceTree = "<group>";
		};
		C4AF58B22A96501400D0E09A /* Feed */ = {
			isa = PBXGroup;
			children = (
				C4AF58B32A96501400D0E09A /* Model */,
				C4AF58B72A96501400D0E09A /* View */,
			);
			path = Feed;
			sourceTree = "<group>";
		};
		C4AF58B32A96501400D0E09A /* Model */ = {
			isa = PBXGroup;
			children = (
				C4AF58B52A96501400D0E09A /* Post.swift */,
				C4AF58B62A96501400D0E09A /* PostStore.swift */,
				3EE789E62A96E2400010370D /* Reply.swift */,
				3EE789E82A96E24B0010370D /* ReplyStore.swift */,
			);
			path = Model;
			sourceTree = "<group>";
		};
		C4AF58B72A96501400D0E09A /* View */ = {
			isa = PBXGroup;
			children = (
				C4AF58B82A96501400D0E09A /* FeedCellView.swift */,
				3EE789EA2A96E2C90010370D /* FeedReplyView.swift */,
				C4AF58BC2A96501400D0E09A /* FeedAddView.swift */,
				C4AF58BD2A96501400D0E09A /* FeedMainView.swift */,
				C4AF58BE2A96501400D0E09A /* FeedReviseView.swift */,
				3EE789EC2A96E5920010370D /* ReportView.swift */,
				C4AF58BF2A96501400D0E09A /* SubView */,
			);
			path = View;
			sourceTree = "<group>";
		};
		C4AF58BF2A96501400D0E09A /* SubView */ = {
			isa = PBXGroup;
			children = (
				C4AF58D02A9664EB00D0E09A /* FeedImageViewStructs.swift */,
				C4AF58C02A96501400D0E09A /* ProfileImageView.swift */,
			);
			path = SubView;
			sourceTree = "<group>";
		};
/* End PBXGroup section */

/* Begin PBXNativeTarget section */
		C4AF58A02A964FEB00D0E09A /* SubFeed */ = {
			isa = PBXNativeTarget;
			buildConfigurationList = C4AF58AF2A964FEC00D0E09A /* Build configuration list for PBXNativeTarget "SubFeed" */;
			buildPhases = (
				C4AF589D2A964FEB00D0E09A /* Sources */,
				C4AF589E2A964FEB00D0E09A /* Frameworks */,
				C4AF589F2A964FEB00D0E09A /* Resources */,
			);
			buildRules = (
			);
			dependencies = (
			);
			name = SubFeed;
			productName = SubFeed;
			productReference = C4AF58A12A964FEB00D0E09A /* SubFeed.app */;
			productType = "com.apple.product-type.application";
		};
/* End PBXNativeTarget section */

/* Begin PBXProject section */
		C4AF58992A964FEB00D0E09A /* Project object */ = {
			isa = PBXProject;
			attributes = {
				BuildIndependentTargetsInParallel = 1;
				LastSwiftUpdateCheck = 1430;
				LastUpgradeCheck = 1430;
				TargetAttributes = {
					C4AF58A02A964FEB00D0E09A = {
						CreatedOnToolsVersion = 14.3.1;
					};
				};
			};
			buildConfigurationList = C4AF589C2A964FEB00D0E09A /* Build configuration list for PBXProject "SubFeed" */;
			compatibilityVersion = "Xcode 14.0";
			developmentRegion = en;
			hasScannedForEncodings = 0;
			knownRegions = (
				en,
				Base,
			);
			mainGroup = C4AF58982A964FEB00D0E09A;
			productRefGroup = C4AF58A22A964FEB00D0E09A /* Products */;
			projectDirPath = "";
			projectRoot = "";
			targets = (
				C4AF58A02A964FEB00D0E09A /* SubFeed */,
			);
		};
/* End PBXProject section */

/* Begin PBXResourcesBuildPhase section */
		C4AF589F2A964FEB00D0E09A /* Resources */ = {
			isa = PBXResourcesBuildPhase;
			buildActionMask = 2147483647;
			files = (
				C4AF58AC2A964FEC00D0E09A /* Preview Assets.xcassets in Resources */,
				C4AF58A92A964FEC00D0E09A /* Assets.xcassets in Resources */,
			);
			runOnlyForDeploymentPostprocessing = 0;
		};
/* End PBXResourcesBuildPhase section */

/* Begin PBXSourcesBuildPhase section */
		C4AF589D2A964FEB00D0E09A /* Sources */ = {
			isa = PBXSourcesBuildPhase;
			buildActionMask = 2147483647;
			files = (
				3EE789E92A96E24B0010370D /* ReplyStore.swift in Sources */,
				C4AF58C22A96501400D0E09A /* Post.swift in Sources */,
				C4AF58C32A96501400D0E09A /* PostStore.swift in Sources */,
				C4AF58C92A96501400D0E09A /* FeedMainView.swift in Sources */,
				C4AF58D12A9664EB00D0E09A /* FeedImageViewStructs.swift in Sources */,
				C4AF58CA2A96501400D0E09A /* FeedReviseView.swift in Sources */,
				C4AF58CB2A96501400D0E09A /* ProfileImageView.swift in Sources */,
				3EE789E72A96E2400010370D /* Reply.swift in Sources */,
				3EE789ED2A96E5920010370D /* ReportView.swift in Sources */,
				C4AF58A72A964FEB00D0E09A /* ContentView.swift in Sources */,
				3EE789EB2A96E2C90010370D /* FeedReplyView.swift in Sources */,
				C4AF58C82A96501400D0E09A /* FeedAddView.swift in Sources */,
				C4AF58A52A964FEB00D0E09A /* SubFeedApp.swift in Sources */,
				C4AF58C42A96501400D0E09A /* FeedCellView.swift in Sources */,
			);
			runOnlyForDeploymentPostprocessing = 0;
		};
/* End PBXSourcesBuildPhase section */

/* Begin XCBuildConfiguration section */
		C4AF58AD2A964FEC00D0E09A /* Debug */ = {
			isa = XCBuildConfiguration;
			buildSettings = {
				ALWAYS_SEARCH_USER_PATHS = NO;
				CLANG_ANALYZER_NONNULL = YES;
				CLANG_ANALYZER_NUMBER_OBJECT_CONVERSION = YES_AGGRESSIVE;
				CLANG_CXX_LANGUAGE_STANDARD = "gnu++20";
				CLANG_ENABLE_MODULES = YES;
				CLANG_ENABLE_OBJC_ARC = YES;
				CLANG_ENABLE_OBJC_WEAK = YES;
				CLANG_WARN_BLOCK_CAPTURE_AUTORELEASING = YES;
				CLANG_WARN_BOOL_CONVERSION = YES;
				CLANG_WARN_COMMA = YES;
				CLANG_WARN_CONSTANT_CONVERSION = YES;
				CLANG_WARN_DEPRECATED_OBJC_IMPLEMENTATIONS = YES;
				CLANG_WARN_DIRECT_OBJC_ISA_USAGE = YES_ERROR;
				CLANG_WARN_DOCUMENTATION_COMMENTS = YES;
				CLANG_WARN_EMPTY_BODY = YES;
				CLANG_WARN_ENUM_CONVERSION = YES;
				CLANG_WARN_INFINITE_RECURSION = YES;
				CLANG_WARN_INT_CONVERSION = YES;
				CLANG_WARN_NON_LITERAL_NULL_CONVERSION = YES;
				CLANG_WARN_OBJC_IMPLICIT_RETAIN_SELF = YES;
				CLANG_WARN_OBJC_LITERAL_CONVERSION = YES;
				CLANG_WARN_OBJC_ROOT_CLASS = YES_ERROR;
				CLANG_WARN_QUOTED_INCLUDE_IN_FRAMEWORK_HEADER = YES;
				CLANG_WARN_RANGE_LOOP_ANALYSIS = YES;
				CLANG_WARN_STRICT_PROTOTYPES = YES;
				CLANG_WARN_SUSPICIOUS_MOVE = YES;
				CLANG_WARN_UNGUARDED_AVAILABILITY = YES_AGGRESSIVE;
				CLANG_WARN_UNREACHABLE_CODE = YES;
				CLANG_WARN__DUPLICATE_METHOD_MATCH = YES;
				COPY_PHASE_STRIP = NO;
				DEBUG_INFORMATION_FORMAT = dwarf;
				ENABLE_STRICT_OBJC_MSGSEND = YES;
				ENABLE_TESTABILITY = YES;
				GCC_C_LANGUAGE_STANDARD = gnu11;
				GCC_DYNAMIC_NO_PIC = NO;
				GCC_NO_COMMON_BLOCKS = YES;
				GCC_OPTIMIZATION_LEVEL = 0;
				GCC_PREPROCESSOR_DEFINITIONS = (
					"DEBUG=1",
					"$(inherited)",
				);
				GCC_WARN_64_TO_32_BIT_CONVERSION = YES;
				GCC_WARN_ABOUT_RETURN_TYPE = YES_ERROR;
				GCC_WARN_UNDECLARED_SELECTOR = YES;
				GCC_WARN_UNINITIALIZED_AUTOS = YES_AGGRESSIVE;
				GCC_WARN_UNUSED_FUNCTION = YES;
				GCC_WARN_UNUSED_VARIABLE = YES;
				IPHONEOS_DEPLOYMENT_TARGET = 16.4;
				MTL_ENABLE_DEBUG_INFO = INCLUDE_SOURCE;
				MTL_FAST_MATH = YES;
				ONLY_ACTIVE_ARCH = YES;
				SDKROOT = iphoneos;
				SWIFT_ACTIVE_COMPILATION_CONDITIONS = DEBUG;
				SWIFT_OPTIMIZATION_LEVEL = "-Onone";
			};
			name = Debug;
		};
		C4AF58AE2A964FEC00D0E09A /* Release */ = {
			isa = XCBuildConfiguration;
			buildSettings = {
				ALWAYS_SEARCH_USER_PATHS = NO;
				CLANG_ANALYZER_NONNULL = YES;
				CLANG_ANALYZER_NUMBER_OBJECT_CONVERSION = YES_AGGRESSIVE;
				CLANG_CXX_LANGUAGE_STANDARD = "gnu++20";
				CLANG_ENABLE_MODULES = YES;
				CLANG_ENABLE_OBJC_ARC = YES;
				CLANG_ENABLE_OBJC_WEAK = YES;
				CLANG_WARN_BLOCK_CAPTURE_AUTORELEASING = YES;
				CLANG_WARN_BOOL_CONVERSION = YES;
				CLANG_WARN_COMMA = YES;
				CLANG_WARN_CONSTANT_CONVERSION = YES;
				CLANG_WARN_DEPRECATED_OBJC_IMPLEMENTATIONS = YES;
				CLANG_WARN_DIRECT_OBJC_ISA_USAGE = YES_ERROR;
				CLANG_WARN_DOCUMENTATION_COMMENTS = YES;
				CLANG_WARN_EMPTY_BODY = YES;
				CLANG_WARN_ENUM_CONVERSION = YES;
				CLANG_WARN_INFINITE_RECURSION = YES;
				CLANG_WARN_INT_CONVERSION = YES;
				CLANG_WARN_NON_LITERAL_NULL_CONVERSION = YES;
				CLANG_WARN_OBJC_IMPLICIT_RETAIN_SELF = YES;
				CLANG_WARN_OBJC_LITERAL_CONVERSION = YES;
				CLANG_WARN_OBJC_ROOT_CLASS = YES_ERROR;
				CLANG_WARN_QUOTED_INCLUDE_IN_FRAMEWORK_HEADER = YES;
				CLANG_WARN_RANGE_LOOP_ANALYSIS = YES;
				CLANG_WARN_STRICT_PROTOTYPES = YES;
				CLANG_WARN_SUSPICIOUS_MOVE = YES;
				CLANG_WARN_UNGUARDED_AVAILABILITY = YES_AGGRESSIVE;
				CLANG_WARN_UNREACHABLE_CODE = YES;
				CLANG_WARN__DUPLICATE_METHOD_MATCH = YES;
				COPY_PHASE_STRIP = NO;
				DEBUG_INFORMATION_FORMAT = "dwarf-with-dsym";
				ENABLE_NS_ASSERTIONS = NO;
				ENABLE_STRICT_OBJC_MSGSEND = YES;
				GCC_C_LANGUAGE_STANDARD = gnu11;
				GCC_NO_COMMON_BLOCKS = YES;
				GCC_WARN_64_TO_32_BIT_CONVERSION = YES;
				GCC_WARN_ABOUT_RETURN_TYPE = YES_ERROR;
				GCC_WARN_UNDECLARED_SELECTOR = YES;
				GCC_WARN_UNINITIALIZED_AUTOS = YES_AGGRESSIVE;
				GCC_WARN_UNUSED_FUNCTION = YES;
				GCC_WARN_UNUSED_VARIABLE = YES;
				IPHONEOS_DEPLOYMENT_TARGET = 16.4;
				MTL_ENABLE_DEBUG_INFO = NO;
				MTL_FAST_MATH = YES;
				SDKROOT = iphoneos;
				SWIFT_COMPILATION_MODE = wholemodule;
				SWIFT_OPTIMIZATION_LEVEL = "-O";
				VALIDATE_PRODUCT = YES;
			};
			name = Release;
		};
		C4AF58B02A964FEC00D0E09A /* Debug */ = {
			isa = XCBuildConfiguration;
			buildSettings = {
				ASSETCATALOG_COMPILER_APPICON_NAME = AppIcon;
				ASSETCATALOG_COMPILER_GLOBAL_ACCENT_COLOR_NAME = AccentColor;
				CODE_SIGN_STYLE = Automatic;
				CURRENT_PROJECT_VERSION = 1;
				DEVELOPMENT_ASSET_PATHS = "\"SubFeed/Preview Content\"";
				DEVELOPMENT_TEAM = S5877PQ292;
				ENABLE_PREVIEWS = YES;
				GENERATE_INFOPLIST_FILE = YES;
				INFOPLIST_KEY_UIApplicationSceneManifest_Generation = YES;
				INFOPLIST_KEY_UIApplicationSupportsIndirectInputEvents = YES;
				INFOPLIST_KEY_UILaunchScreen_Generation = YES;
				INFOPLIST_KEY_UISupportedInterfaceOrientations_iPad = "UIInterfaceOrientationPortrait UIInterfaceOrientationPortraitUpsideDown UIInterfaceOrientationLandscapeLeft UIInterfaceOrientationLandscapeRight";
				INFOPLIST_KEY_UISupportedInterfaceOrientations_iPhone = "UIInterfaceOrientationPortrait UIInterfaceOrientationLandscapeLeft UIInterfaceOrientationLandscapeRight";
				LD_RUNPATH_SEARCH_PATHS = (
					"$(inherited)",
					"@executable_path/Frameworks",
				);
				MARKETING_VERSION = 1.0;
				PRODUCT_BUNDLE_IDENTIFIER = com.usingkkim.SubFeed;
				PRODUCT_NAME = "$(TARGET_NAME)";
				SWIFT_EMIT_LOC_STRINGS = YES;
				SWIFT_VERSION = 5.0;
				TARGETED_DEVICE_FAMILY = "1,2";
			};
			name = Debug;
		};
		C4AF58B12A964FEC00D0E09A /* Release */ = {
			isa = XCBuildConfiguration;
			buildSettings = {
				ASSETCATALOG_COMPILER_APPICON_NAME = AppIcon;
				ASSETCATALOG_COMPILER_GLOBAL_ACCENT_COLOR_NAME = AccentColor;
				CODE_SIGN_STYLE = Automatic;
				CURRENT_PROJECT_VERSION = 1;
				DEVELOPMENT_ASSET_PATHS = "\"SubFeed/Preview Content\"";
				DEVELOPMENT_TEAM = S5877PQ292;
				ENABLE_PREVIEWS = YES;
				GENERATE_INFOPLIST_FILE = YES;
				INFOPLIST_KEY_UIApplicationSceneManifest_Generation = YES;
				INFOPLIST_KEY_UIApplicationSupportsIndirectInputEvents = YES;
				INFOPLIST_KEY_UILaunchScreen_Generation = YES;
				INFOPLIST_KEY_UISupportedInterfaceOrientations_iPad = "UIInterfaceOrientationPortrait UIInterfaceOrientationPortraitUpsideDown UIInterfaceOrientationLandscapeLeft UIInterfaceOrientationLandscapeRight";
				INFOPLIST_KEY_UISupportedInterfaceOrientations_iPhone = "UIInterfaceOrientationPortrait UIInterfaceOrientationLandscapeLeft UIInterfaceOrientationLandscapeRight";
				LD_RUNPATH_SEARCH_PATHS = (
					"$(inherited)",
					"@executable_path/Frameworks",
				);
				MARKETING_VERSION = 1.0;
				PRODUCT_BUNDLE_IDENTIFIER = com.usingkkim.SubFeed;
				PRODUCT_NAME = "$(TARGET_NAME)";
				SWIFT_EMIT_LOC_STRINGS = YES;
				SWIFT_VERSION = 5.0;
				TARGETED_DEVICE_FAMILY = "1,2";
			};
			name = Release;
		};
/* End XCBuildConfiguration section */

/* Begin XCConfigurationList section */
		C4AF589C2A964FEB00D0E09A /* Build configuration list for PBXProject "SubFeed" */ = {
			isa = XCConfigurationList;
			buildConfigurations = (
				C4AF58AD2A964FEC00D0E09A /* Debug */,
				C4AF58AE2A964FEC00D0E09A /* Release */,
			);
			defaultConfigurationIsVisible = 0;
			defaultConfigurationName = Release;
		};
		C4AF58AF2A964FEC00D0E09A /* Build configuration list for PBXNativeTarget "SubFeed" */ = {
			isa = XCConfigurationList;
			buildConfigurations = (
				C4AF58B02A964FEC00D0E09A /* Debug */,
				C4AF58B12A964FEC00D0E09A /* Release */,
			);
			defaultConfigurationIsVisible = 0;
			defaultConfigurationName = Release;
		};
/* End XCConfigurationList section */
	};
	rootObject = C4AF58992A964FEB00D0E09A /* Project object */;
}
